
Microsoft Visual Studio Solution File, Format Version 12.00
# Visual Studio Version 16
VisualStudioVersion = 16.0.31229.75
MinimumVisualStudioVersion = 10.0.40219.1
Project("{9A19103F-16F7-4668-BE54-9A1E7A4F7556}") = "DataAccess", "DataAccess\DataAccess.csproj", "{28DE23A1-8584-445B-BCC7-B2AB9A785804}"
EndProject
Project("{9A19103F-16F7-4668-BE54-9A1E7A4F7556}") = "Business", "Business\Business.csproj", "{9FBF59A0-4498-42EF-B2AC-E781F92E4EAB}"
EndProject
Project("{9A19103F-16F7-4668-BE54-9A1E7A4F7556}") = "Entities", "Entities\Entities.csproj", "{69202ACB-76B9-4D7D-A3B2-A7663C878F14}"
EndProject
Project("{9A19103F-16F7-4668-BE54-9A1E7A4F7556}") = "Core", "Core\Core.csproj", "{61EAD998-C6BB-4A83-A4A6-1D90BF50D413}"
EndProject
Project("{FAE04EC0-301F-11D3-BF4B-00C04F79EFBC}") = "Restaurant.API", "Restaurant.API\Restaurant.API.csproj", "{57098336-A877-4E8C-864E-C10F88F5250F}"
EndProject
Global
	GlobalSection(SolutionConfigurationPlatforms) = preSolution
		Debug|Any CPU = Debug|Any CPU
		Release|Any CPU = Release|Any CPU
	EndGlobalSection
	GlobalSection(ProjectConfigurationPlatforms) = postSolution
		{28DE23A1-8584-445B-BCC7-B2AB9A785804}.Debug|Any CPU.ActiveCfg = Debug|Any CPU
		{28DE23A1-8584-445B-BCC7-B2AB9A785804}.Debug|Any CPU.Build.0 = Debug|Any CPU
		{28DE23A1-8584-445B-BCC7-B2AB9A785804}.Release|Any CPU.ActiveCfg = Release|Any CPU
		{28DE23A1-8584-445B-BCC7-B2AB9A785804}.Release|Any CPU.Build.0 = Release|Any CPU
		{9FBF59A0-4498-42EF-B2AC-E781F92E4EAB}.Debug|Any CPU.ActiveCfg = Debug|Any CPU
		{9FBF59A0-4498-42EF-B2AC-E781F92E4EAB}.Debug|Any CPU.Build.0 = Debug|Any CPU
		{9FBF59A0-4498-42EF-B2AC-E781F92E4EAB}.Release|Any CPU.ActiveCfg = Release|Any CPU
		{9FBF59A0-4498-42EF-B2AC-E781F92E4EAB}.Release|Any CPU.Build.0 = Release|Any CPU
		{69202ACB-76B9-4D7D-A3B2-A7663C878F14}.Debug|Any CPU.ActiveCfg = Debug|Any CPU
		{69202ACB-76B9-4D7D-A3B2-A7663C878F14}.Debug|Any CPU.Build.0 = Debug|Any CPU
		{69202ACB-76B9-4D7D-A3B2-A7663C878F14}.Release|Any CPU.ActiveCfg = Release|Any CPU
		{69202ACB-76B9-4D7D-A3B2-A7663C878F14}.Release|Any CPU.Build.0 = Release|Any CPU
		{61EAD998-C6BB-4A83-A4A6-1D90BF50D413}.Debug|Any CPU.ActiveCfg = Debug|Any CPU
		{61EAD998-C6BB-4A83-A4A6-1D90BF50D413}.Debug|Any CPU.Build.0 = Debug|Any CPU
		{61EAD998-C6BB-4A83-A4A6-1D90BF50D413}.Release|Any CPU.ActiveCfg = Release|Any CPU
		{61EAD998-C6BB-4A83-A4A6-1D90BF50D413}.Release|Any CPU.Build.0 = Release|Any CPU
		{57098336-A877-4E8C-864E-C10F88F5250F}.Debug|Any CPU.ActiveCfg = Debug|Any CPU
		{57098336-A877-4E8C-864E-C10F88F5250F}.Debug|Any CPU.Build.0 = Debug|Any CPU
		{57098336-A877-4E8C-864E-C10F88F5250F}.Release|Any CPU.ActiveCfg = Release|Any CPU
		{57098336-A877-4E8C-864E-C10F88F5250F}.Release|Any CPU.Build.0 = Release|Any CPU
	EndGlobalSection
	GlobalSection(SolutionProperties) = preSolution
		HideSolutionNode = FALSE
	EndGlobalSection
	GlobalSection(ExtensibilityGlobals) = postSolution
		SolutionGuid = {1A8CA4E5-8F06-45B0-B609-8FC62F3E327A}
	EndGlobalSection
EndGlobal
